
Microsoft Visual Studio Solution File, Format Version 12.00
# Visual Studio 15
Project("{FAE04EC0-301F-11D3-BF4B-00C04F79EFBC}") = "Assembly-CSharp-firstpass", "Assembly-CSharp-firstpass.csproj", "{1A5773C6-284E-53C5-CEB1-E7BA702613B9}"
EndProject
Project("{FAE04EC0-301F-11D3-BF4B-00C04F79EFBC}") = "Assembly-CSharp", "Assembly-CSharp.csproj", "{1A74A6B6-106A-ABE2-40A0-D65E6759BBE6}"
EndProject
Project("{FAE04EC0-301F-11D3-BF4B-00C04F79EFBC}") = "Assembly-CSharp-Editor", "Assembly-CSharp-Editor.csproj", "{D33E03A1-9476-9F59-1BEC-171C949DD488}"
EndProject
Global
	GlobalSection(SolutionConfigurationPlatforms) = preSolution
		Debug|Any CPU = Debug|Any CPU
		Release|Any CPU = Release|Any CPU
	EndGlobalSection
	GlobalSection(ProjectConfigurationPlatforms) = postSolution
		{1A5773C6-284E-53C5-CEB1-E7BA702613B9}.Debug|Any CPU.ActiveCfg = Debug|Any CPU
		{1A5773C6-284E-53C5-CEB1-E7BA702613B9}.Debug|Any CPU.Build.0 = Debug|Any CPU
		{1A5773C6-284E-53C5-CEB1-E7BA702613B9}.Release|Any CPU.ActiveCfg = Release|Any CPU
		{1A5773C6-284E-53C5-CEB1-E7BA702613B9}.Release|Any CPU.Build.0 = Release|Any CPU
		{1A74A6B6-106A-ABE2-40A0-D65E6759BBE6}.Debug|Any CPU.ActiveCfg = Debug|Any CPU
		{1A74A6B6-106A-ABE2-40A0-D65E6759BBE6}.Debug|Any CPU.Build.0 = Debug|Any CPU
		{1A74A6B6-106A-ABE2-40A0-D65E6759BBE6}.Release|Any CPU.ActiveCfg = Release|Any CPU
		{1A74A6B6-106A-ABE2-40A0-D65E6759BBE6}.Release|Any CPU.Build.0 = Release|Any CPU
		{D33E03A1-9476-9F59-1BEC-171C949DD488}.Debug|Any CPU.ActiveCfg = Debug|Any CPU
		{D33E03A1-9476-9F59-1BEC-171C949DD488}.Debug|Any CPU.Build.0 = Debug|Any CPU
		{D33E03A1-9476-9F59-1BEC-171C949DD488}.Release|Any CPU.ActiveCfg = Release|Any CPU
		{D33E03A1-9476-9F59-1BEC-171C949DD488}.Release|Any CPU.Build.0 = Release|Any CPU
	EndGlobalSection
	GlobalSection(SolutionProperties) = preSolution
		HideSolutionNode = FALSE
	EndGlobalSection
EndGlobal
